// !$*UTF8*$!
{
	archiveVersion = 1;
	classes = {
	};
	objectVersion = 50;
	objects = {

/* Begin PBXBuildFile section */
		3982104027020CF5002A52E2 /* LoginViewController.swift in Sources */ = {isa = PBXBuildFile; fileRef = 3982103F27020CF5002A52E2 /* LoginViewController.swift */; };
		3982105027025EAB002A52E2 /* Constant.swift in Sources */ = {isa = PBXBuildFile; fileRef = 3982104F27025EAB002A52E2 /* Constant.swift */; };
		3982105527025F04002A52E2 /* ApiManager.swift in Sources */ = {isa = PBXBuildFile; fileRef = 3982105427025F04002A52E2 /* ApiManager.swift */; };
		3982105A27035AE6002A52E2 /* ApiController.swift in Sources */ = {isa = PBXBuildFile; fileRef = 3982105927035AE6002A52E2 /* ApiController.swift */; };
		398210A92704C4D5002A52E2 /* UsefulExtensions.swift in Sources */ = {isa = PBXBuildFile; fileRef = 398210A82704C4D5002A52E2 /* UsefulExtensions.swift */; };
		39C9E36D26FE69B4008C1E1D /* AppDelegate.swift in Sources */ = {isa = PBXBuildFile; fileRef = 39C9E36C26FE69B4008C1E1D /* AppDelegate.swift */; };
		39C9E36F26FE69B4008C1E1D /* SceneDelegate.swift in Sources */ = {isa = PBXBuildFile; fileRef = 39C9E36E26FE69B4008C1E1D /* SceneDelegate.swift */; };
		39C9E37126FE69B4008C1E1D /* MovieListViewController.swift in Sources */ = {isa = PBXBuildFile; fileRef = 39C9E37026FE69B4008C1E1D /* MovieListViewController.swift */; };
		39C9E37426FE69B4008C1E1D /* Main.storyboard in Resources */ = {isa = PBXBuildFile; fileRef = 39C9E37226FE69B4008C1E1D /* Main.storyboard */; };
		39C9E37626FE69BC008C1E1D /* Assets.xcassets in Resources */ = {isa = PBXBuildFile; fileRef = 39C9E37526FE69BC008C1E1D /* Assets.xcassets */; };
		39C9E37926FE69BC008C1E1D /* LaunchScreen.storyboard in Resources */ = {isa = PBXBuildFile; fileRef = 39C9E37726FE69BC008C1E1D /* LaunchScreen.storyboard */; };
		39C9E38426FE69BC008C1E1D /* MovieDBTests.swift in Sources */ = {isa = PBXBuildFile; fileRef = 39C9E38326FE69BC008C1E1D /* MovieDBTests.swift */; };
		39C9E38F26FE69BC008C1E1D /* MovieDBUITests.swift in Sources */ = {isa = PBXBuildFile; fileRef = 39C9E38E26FE69BC008C1E1D /* MovieDBUITests.swift */; };
		39C9E3A726FE6B38008C1E1D /* MovieListModel.swift in Sources */ = {isa = PBXBuildFile; fileRef = 39C9E3A626FE6B38008C1E1D /* MovieListModel.swift */; };
		39C9E3AF26FE6F19008C1E1D /* MovieTableCell.swift in Sources */ = {isa = PBXBuildFile; fileRef = 39C9E3AE26FE6F19008C1E1D /* MovieTableCell.swift */; };
/* End PBXBuildFile section */

/* Begin PBXContainerItemProxy section */
		39C9E38026FE69BC008C1E1D /* PBXContainerItemProxy */ = {
			isa = PBXContainerItemProxy;
			containerPortal = 39C9E36126FE69B4008C1E1D /* Project object */;
			proxyType = 1;
			remoteGlobalIDString = 39C9E36826FE69B4008C1E1D;
			remoteInfo = MovieDB;
		};
		39C9E38B26FE69BC008C1E1D /* PBXContainerItemProxy */ = {
			isa = PBXContainerItemProxy;
			containerPortal = 39C9E36126FE69B4008C1E1D /* Project object */;
			proxyType = 1;
			remoteGlobalIDString = 39C9E36826FE69B4008C1E1D;
			remoteInfo = MovieDB;
		};
/* End PBXContainerItemProxy section */

/* Begin PBXFileReference section */
		3982103F27020CF5002A52E2 /* LoginViewController.swift */ = {isa = PBXFileReference; lastKnownFileType = sourcecode.swift; path = LoginViewController.swift; sourceTree = "<group>"; };
		3982104F27025EAB002A52E2 /* Constant.swift */ = {isa = PBXFileReference; lastKnownFileType = sourcecode.swift; path = Constant.swift; sourceTree = "<group>"; };
		3982105427025F04002A52E2 /* ApiManager.swift */ = {isa = PBXFileReference; lastKnownFileType = sourcecode.swift; path = ApiManager.swift; sourceTree = "<group>"; };
		3982105927035AE6002A52E2 /* ApiController.swift */ = {isa = PBXFileReference; lastKnownFileType = sourcecode.swift; path = ApiController.swift; sourceTree = "<group>"; };
		398210A82704C4D5002A52E2 /* UsefulExtensions.swift */ = {isa = PBXFileReference; lastKnownFileType = sourcecode.swift; path = UsefulExtensions.swift; sourceTree = "<group>"; };
		39C9E36926FE69B4008C1E1D /* MovieDB.app */ = {isa = PBXFileReference; explicitFileType = wrapper.application; includeInIndex = 0; path = MovieDB.app; sourceTree = BUILT_PRODUCTS_DIR; };
		39C9E36C26FE69B4008C1E1D /* AppDelegate.swift */ = {isa = PBXFileReference; lastKnownFileType = sourcecode.swift; path = AppDelegate.swift; sourceTree = "<group>"; };
		39C9E36E26FE69B4008C1E1D /* SceneDelegate.swift */ = {isa = PBXFileReference; lastKnownFileType = sourcecode.swift; path = SceneDelegate.swift; sourceTree = "<group>"; };
		39C9E37026FE69B4008C1E1D /* MovieListViewController.swift */ = {isa = PBXFileReference; lastKnownFileType = sourcecode.swift; path = MovieListViewController.swift; sourceTree = "<group>"; };
		39C9E37326FE69B4008C1E1D /* Base */ = {isa = PBXFileReference; lastKnownFileType = file.storyboard; name = Base; path = Base.lproj/Main.storyboard; sourceTree = "<group>"; };
		39C9E37526FE69BC008C1E1D /* Assets.xcassets */ = {isa = PBXFileReference; lastKnownFileType = folder.assetcatalog; path = Assets.xcassets; sourceTree = "<group>"; };
		39C9E37826FE69BC008C1E1D /* Base */ = {isa = PBXFileReference; lastKnownFileType = file.storyboard; name = Base; path = Base.lproj/LaunchScreen.storyboard; sourceTree = "<group>"; };
		39C9E37A26FE69BC008C1E1D /* Info.plist */ = {isa = PBXFileReference; lastKnownFileType = text.plist.xml; path = Info.plist; sourceTree = "<group>"; };
		39C9E37F26FE69BC008C1E1D /* MovieDBTests.xctest */ = {isa = PBXFileReference; explicitFileType = wrapper.cfbundle; includeInIndex = 0; path = MovieDBTests.xctest; sourceTree = BUILT_PRODUCTS_DIR; };
		39C9E38326FE69BC008C1E1D /* MovieDBTests.swift */ = {isa = PBXFileReference; lastKnownFileType = sourcecode.swift; path = MovieDBTests.swift; sourceTree = "<group>"; };
		39C9E38526FE69BC008C1E1D /* Info.plist */ = {isa = PBXFileReference; lastKnownFileType = text.plist.xml; path = Info.plist; sourceTree = "<group>"; };
		39C9E38A26FE69BC008C1E1D /* MovieDBUITests.xctest */ = {isa = PBXFileReference; explicitFileType = wrapper.cfbundle; includeInIndex = 0; path = MovieDBUITests.xctest; sourceTree = BUILT_PRODUCTS_DIR; };
		39C9E38E26FE69BC008C1E1D /* MovieDBUITests.swift */ = {isa = PBXFileReference; lastKnownFileType = sourcecode.swift; path = MovieDBUITests.swift; sourceTree = "<group>"; };
		39C9E39026FE69BC008C1E1D /* Info.plist */ = {isa = PBXFileReference; lastKnownFileType = text.plist.xml; path = Info.plist; sourceTree = "<group>"; };
		39C9E3A626FE6B38008C1E1D /* MovieListModel.swift */ = {isa = PBXFileReference; lastKnownFileType = sourcecode.swift; path = MovieListModel.swift; sourceTree = "<group>"; };
		39C9E3AE26FE6F19008C1E1D /* MovieTableCell.swift */ = {isa = PBXFileReference; lastKnownFileType = sourcecode.swift; path = MovieTableCell.swift; sourceTree = "<group>"; };
/* End PBXFileReference section */

/* Begin PBXFrameworksBuildPhase section */
		39C9E36626FE69B4008C1E1D /* Frameworks */ = {
			isa = PBXFrameworksBuildPhase;
			buildActionMask = 2147483647;
			files = (
			);
			runOnlyForDeploymentPostprocessing = 0;
		};
		39C9E37C26FE69BC008C1E1D /* Frameworks */ = {
			isa = PBXFrameworksBuildPhase;
			buildActionMask = 2147483647;
			files = (
			);
			runOnlyForDeploymentPostprocessing = 0;
		};
		39C9E38726FE69BC008C1E1D /* Frameworks */ = {
			isa = PBXFrameworksBuildPhase;
			buildActionMask = 2147483647;
			files = (
			);
			runOnlyForDeploymentPostprocessing = 0;
		};
/* End PBXFrameworksBuildPhase section */

/* Begin PBXGroup section */
		3982104D27025E87002A52E2 /* Common */ = {
			isa = PBXGroup;
			children = (
				3982104F27025EAB002A52E2 /* Constant.swift */,
				398210A82704C4D5002A52E2 /* UsefulExtensions.swift */,
			);
			path = Common;
			sourceTree = "<group>";
		};
		3982104E27025E8D002A52E2 /* APIManager */ = {
			isa = PBXGroup;
			children = (
				3982105427025F04002A52E2 /* ApiManager.swift */,
				3982105927035AE6002A52E2 /* ApiController.swift */,
			);
			path = APIManager;
			sourceTree = "<group>";
		};
		39C9E36026FE69B4008C1E1D = {
			isa = PBXGroup;
			children = (
				39C9E36B26FE69B4008C1E1D /* MovieDB */,
				39C9E38226FE69BC008C1E1D /* MovieDBTests */,
				39C9E38D26FE69BC008C1E1D /* MovieDBUITests */,
				39C9E36A26FE69B4008C1E1D /* Products */,
			);
			sourceTree = "<group>";
		};
		39C9E36A26FE69B4008C1E1D /* Products */ = {
			isa = PBXGroup;
			children = (
				39C9E36926FE69B4008C1E1D /* MovieDB.app */,
				39C9E37F26FE69BC008C1E1D /* MovieDBTests.xctest */,
				39C9E38A26FE69BC008C1E1D /* MovieDBUITests.xctest */,
			);
			name = Products;
			sourceTree = "<group>";
		};
		39C9E36B26FE69B4008C1E1D /* MovieDB */ = {
			isa = PBXGroup;
			children = (
				3982104E27025E8D002A52E2 /* APIManager */,
				3982104D27025E87002A52E2 /* Common */,
				39C9E3A126FE6A86008C1E1D /* Model */,
				39C9E3A326FE6A93008C1E1D /* Controller */,
				39C9E3A226FE6A8B008C1E1D /* View */,
				39C9E36C26FE69B4008C1E1D /* AppDelegate.swift */,
				39C9E36E26FE69B4008C1E1D /* SceneDelegate.swift */,
				39C9E37526FE69BC008C1E1D /* Assets.xcassets */,
				39C9E37A26FE69BC008C1E1D /* Info.plist */,
			);
			path = MovieDB;
			sourceTree = "<group>";
		};
		39C9E38226FE69BC008C1E1D /* MovieDBTests */ = {
			isa = PBXGroup;
			children = (
				39C9E38326FE69BC008C1E1D /* MovieDBTests.swift */,
				39C9E38526FE69BC008C1E1D /* Info.plist */,
			);
			path = MovieDBTests;
			sourceTree = "<group>";
		};
		39C9E38D26FE69BC008C1E1D /* MovieDBUITests */ = {
			isa = PBXGroup;
			children = (
				39C9E38E26FE69BC008C1E1D /* MovieDBUITests.swift */,
				39C9E39026FE69BC008C1E1D /* Info.plist */,
			);
			path = MovieDBUITests;
			sourceTree = "<group>";
		};
		39C9E3A126FE6A86008C1E1D /* Model */ = {
			isa = PBXGroup;
			children = (
				39C9E3A626FE6B38008C1E1D /* MovieListModel.swift */,
			);
			path = Model;
			sourceTree = "<group>";
		};
		39C9E3A226FE6A8B008C1E1D /* View */ = {
			isa = PBXGroup;
			children = (
				39C9E3A526FE6ABD008C1E1D /* Custom */,
				39C9E3A426FE6AAA008C1E1D /* Storyboard */,
			);
			path = View;
			sourceTree = "<group>";
		};
		39C9E3A326FE6A93008C1E1D /* Controller */ = {
			isa = PBXGroup;
			children = (
				39C9E37026FE69B4008C1E1D /* MovieListViewController.swift */,
				3982103F27020CF5002A52E2 /* LoginViewController.swift */,
			);
			path = Controller;
			sourceTree = "<group>";
		};
		39C9E3A426FE6AAA008C1E1D /* Storyboard */ = {
			isa = PBXGroup;
			children = (
				39C9E37226FE69B4008C1E1D /* Main.storyboard */,
				39C9E37726FE69BC008C1E1D /* LaunchScreen.storyboard */,
			);
			path = Storyboard;
			sourceTree = "<group>";
		};
		39C9E3A526FE6ABD008C1E1D /* Custom */ = {
			isa = PBXGroup;
			children = (
				39C9E3AE26FE6F19008C1E1D /* MovieTableCell.swift */,
			);
			path = Custom;
			sourceTree = "<group>";
		};
/* End PBXGroup section */

/* Begin PBXNativeTarget section */
		39C9E36826FE69B4008C1E1D /* MovieDB */ = {
			isa = PBXNativeTarget;
			buildConfigurationList = 39C9E39326FE69BC008C1E1D /* Build configuration list for PBXNativeTarget "MovieDB" */;
			buildPhases = (
				39C9E36526FE69B4008C1E1D /* Sources */,
				39C9E36626FE69B4008C1E1D /* Frameworks */,
				39C9E36726FE69B4008C1E1D /* Resources */,
			);
			buildRules = (
			);
			dependencies = (
			);
			name = MovieDB;
			productName = MovieDB;
			productReference = 39C9E36926FE69B4008C1E1D /* MovieDB.app */;
			productType = "com.apple.product-type.application";
		};
		39C9E37E26FE69BC008C1E1D /* MovieDBTests */ = {
			isa = PBXNativeTarget;
			buildConfigurationList = 39C9E39626FE69BC008C1E1D /* Build configuration list for PBXNativeTarget "MovieDBTests" */;
			buildPhases = (
				39C9E37B26FE69BC008C1E1D /* Sources */,
				39C9E37C26FE69BC008C1E1D /* Frameworks */,
				39C9E37D26FE69BC008C1E1D /* Resources */,
			);
			buildRules = (
			);
			dependencies = (
				39C9E38126FE69BC008C1E1D /* PBXTargetDependency */,
			);
			name = MovieDBTests;
			productName = MovieDBTests;
			productReference = 39C9E37F26FE69BC008C1E1D /* MovieDBTests.xctest */;
			productType = "com.apple.product-type.bundle.unit-test";
		};
		39C9E38926FE69BC008C1E1D /* MovieDBUITests */ = {
			isa = PBXNativeTarget;
			buildConfigurationList = 39C9E39926FE69BC008C1E1D /* Build configuration list for PBXNativeTarget "MovieDBUITests" */;
			buildPhases = (
				39C9E38626FE69BC008C1E1D /* Sources */,
				39C9E38726FE69BC008C1E1D /* Frameworks */,
				39C9E38826FE69BC008C1E1D /* Resources */,
			);
			buildRules = (
			);
			dependencies = (
				39C9E38C26FE69BC008C1E1D /* PBXTargetDependency */,
			);
			name = MovieDBUITests;
			productName = MovieDBUITests;
			productReference = 39C9E38A26FE69BC008C1E1D /* MovieDBUITests.xctest */;
			productType = "com.apple.product-type.bundle.ui-testing";
		};
/* End PBXNativeTarget section */

/* Begin PBXProject section */
		39C9E36126FE69B4008C1E1D /* Project object */ = {
			isa = PBXProject;
			attributes = {
				LastSwiftUpdateCheck = 1240;
				LastUpgradeCheck = 1240;
				TargetAttributes = {
					39C9E36826FE69B4008C1E1D = {
						CreatedOnToolsVersion = 12.4;
					};
					39C9E37E26FE69BC008C1E1D = {
						CreatedOnToolsVersion = 12.4;
						TestTargetID = 39C9E36826FE69B4008C1E1D;
					};
					39C9E38926FE69BC008C1E1D = {
						CreatedOnToolsVersion = 12.4;
						TestTargetID = 39C9E36826FE69B4008C1E1D;
					};
				};
			};
			buildConfigurationList = 39C9E36426FE69B4008C1E1D /* Build configuration list for PBXProject "MovieDB" */;
			compatibilityVersion = "Xcode 9.3";
			developmentRegion = en;
			hasScannedForEncodings = 0;
			knownRegions = (
				en,
				Base,
			);
			mainGroup = 39C9E36026FE69B4008C1E1D;
			productRefGroup = 39C9E36A26FE69B4008C1E1D /* Products */;
			projectDirPath = "";
			projectRoot = "";
			targets = (
				39C9E36826FE69B4008C1E1D /* MovieDB */,
				39C9E37E26FE69BC008C1E1D /* MovieDBTests */,
				39C9E38926FE69BC008C1E1D /* MovieDBUITests */,
			);
		};
/* End PBXProject section */

/* Begin PBXResourcesBuildPhase section */
		39C9E36726FE69B4008C1E1D /* Resources */ = {
			isa = PBXResourcesBuildPhase;
			buildActionMask = 2147483647;
			files = (
				39C9E37926FE69BC008C1E1D /* LaunchScreen.storyboard in Resources */,
				39C9E37626FE69BC008C1E1D /* Assets.xcassets in Resources */,
				39C9E37426FE69B4008C1E1D /* Main.storyboard in Resources */,
			);
			runOnlyForDeploymentPostprocessing = 0;
		};
		39C9E37D26FE69BC008C1E1D /* Resources */ = {
			isa = PBXResourcesBuildPhase;
			buildActionMask = 2147483647;
			files = (
			);
			runOnlyForDeploymentPostprocessing = 0;
		};
		39C9E38826FE69BC008C1E1D /* Resources */ = {
			isa = PBXResourcesBuildPhase;
			buildActionMask = 2147483647;
			files = (
			);
			runOnlyForDeploymentPostprocessing = 0;
		};
/* End PBXResourcesBuildPhase section */

/* Begin PBXSourcesBuildPhase section */
		39C9E36526FE69B4008C1E1D /* Sources */ = {
			isa = PBXSourcesBuildPhase;
			buildActionMask = 2147483647;
			files = (
				3982105527025F04002A52E2 /* ApiManager.swift in Sources */,
				398210A92704C4D5002A52E2 /* UsefulExtensions.swift in Sources */,
				3982105027025EAB002A52E2 /* Constant.swift in Sources */,
				3982105A27035AE6002A52E2 /* ApiController.swift in Sources */,
				3982104027020CF5002A52E2 /* LoginViewController.swift in Sources */,
				39C9E3AF26FE6F19008C1E1D /* MovieTableCell.swift in Sources */,
				39C9E3A726FE6B38008C1E1D /* MovieListModel.swift in Sources */,
				39C9E37126FE69B4008C1E1D /* MovieListViewController.swift in Sources */,
				39C9E36D26FE69B4008C1E1D /* AppDelegate.swift in Sources */,
				39C9E36F26FE69B4008C1E1D /* SceneDelegate.swift in Sources */,
			);
			runOnlyForDeploymentPostprocessing = 0;
		};
		39C9E37B26FE69BC008C1E1D /* Sources */ = {
			isa = PBXSourcesBuildPhase;
			buildActionMask = 2147483647;
			files = (
				39C9E38426FE69BC008C1E1D /* MovieDBTests.swift in Sources */,
			);
			runOnlyForDeploymentPostprocessing = 0;
		};
		39C9E38626FE69BC008C1E1D /* Sources */ = {
			isa = PBXSourcesBuildPhase;
			buildActionMask = 2147483647;
			files = (
				39C9E38F26FE69BC008C1E1D /* MovieDBUITests.swift in Sources */,
			);
			runOnlyForDeploymentPostprocessing = 0;
		};
/* End PBXSourcesBuildPhase section */

/* Begin PBXTargetDependency section */
		39C9E38126FE69BC008C1E1D /* PBXTargetDependency */ = {
			isa = PBXTargetDependency;
			target = 39C9E36826FE69B4008C1E1D /* MovieDB */;
			targetProxy = 39C9E38026FE69BC008C1E1D /* PBXContainerItemProxy */;
		};
		39C9E38C26FE69BC008C1E1D /* PBXTargetDependency */ = {
			isa = PBXTargetDependency;
			target = 39C9E36826FE69B4008C1E1D /* MovieDB */;
			targetProxy = 39C9E38B26FE69BC008C1E1D /* PBXContainerItemProxy */;
		};
/* End PBXTargetDependency section */

/* Begin PBXVariantGroup section */
		39C9E37226FE69B4008C1E1D /* Main.storyboard */ = {
			isa = PBXVariantGroup;
			children = (
				39C9E37326FE69B4008C1E1D /* Base */,
			);
			name = Main.storyboard;
			sourceTree = "<group>";
		};
		39C9E37726FE69BC008C1E1D /* LaunchScreen.storyboard */ = {
			isa = PBXVariantGroup;
			children = (
				39C9E37826FE69BC008C1E1D /* Base */,
			);
			name = LaunchScreen.storyboard;
			sourceTree = "<group>";
		};
/* End PBXVariantGroup section */

/* Begin XCBuildConfiguration section */
		39C9E39126FE69BC008C1E1D /* Debug */ = {
			isa = XCBuildConfiguration;
			buildSettings = {
				ALWAYS_SEARCH_USER_PATHS = NO;
				CLANG_ANALYZER_NONNULL = YES;
				CLANG_ANALYZER_NUMBER_OBJECT_CONVERSION = YES_AGGRESSIVE;
				CLANG_CXX_LANGUAGE_STANDARD = "gnu++14";
				CLANG_CXX_LIBRARY = "libc++";
				CLANG_ENABLE_MODULES = YES;
				CLANG_ENABLE_OBJC_ARC = YES;
				CLANG_ENABLE_OBJC_WEAK = YES;
				CLANG_WARN_BLOCK_CAPTURE_AUTORELEASING = YES;
				CLANG_WARN_BOOL_CONVERSION = YES;
				CLANG_WARN_COMMA = YES;
				CLANG_WARN_CONSTANT_CONVERSION = YES;
				CLANG_WARN_DEPRECATED_OBJC_IMPLEMENTATIONS = YES;
				CLANG_WARN_DIRECT_OBJC_ISA_USAGE = YES_ERROR;
				CLANG_WARN_DOCUMENTATION_COMMENTS = YES;
				CLANG_WARN_EMPTY_BODY = YES;
				CLANG_WARN_ENUM_CONVERSION = YES;
				CLANG_WARN_INFINITE_RECURSION = YES;
				CLANG_WARN_INT_CONVERSION = YES;
				CLANG_WARN_NON_LITERAL_NULL_CONVERSION = YES;
				CLANG_WARN_OBJC_IMPLICIT_RETAIN_SELF = YES;
				CLANG_WARN_OBJC_LITERAL_CONVERSION = YES;
				CLANG_WARN_OBJC_ROOT_CLASS = YES_ERROR;
				CLANG_WARN_QUOTED_INCLUDE_IN_FRAMEWORK_HEADER = YES;
				CLANG_WARN_RANGE_LOOP_ANALYSIS = YES;
				CLANG_WARN_STRICT_PROTOTYPES = YES;
				CLANG_WARN_SUSPICIOUS_MOVE = YES;
				CLANG_WARN_UNGUARDED_AVAILABILITY = YES_AGGRESSIVE;
				CLANG_WARN_UNREACHABLE_CODE = YES;
				CLANG_WARN__DUPLICATE_METHOD_MATCH = YES;
				COPY_PHASE_STRIP = NO;
				DEBUG_INFORMATION_FORMAT = dwarf;
				ENABLE_STRICT_OBJC_MSGSEND = YES;
				ENABLE_TESTABILITY = YES;
				GCC_C_LANGUAGE_STANDARD = gnu11;
				GCC_DYNAMIC_NO_PIC = NO;
				GCC_NO_COMMON_BLOCKS = YES;
				GCC_OPTIMIZATION_LEVEL = 0;
				GCC_PREPROCESSOR_DEFINITIONS = (
					"DEBUG=1",
					"$(inherited)",
				);
				GCC_WARN_64_TO_32_BIT_CONVERSION = YES;
				GCC_WARN_ABOUT_RETURN_TYPE = YES_ERROR;
				GCC_WARN_UNDECLARED_SELECTOR = YES;
				GCC_WARN_UNINITIALIZED_AUTOS = YES_AGGRESSIVE;
				GCC_WARN_UNUSED_FUNCTION = YES;
				GCC_WARN_UNUSED_VARIABLE = YES;
				IPHONEOS_DEPLOYMENT_TARGET = 14.4;
				MTL_ENABLE_DEBUG_INFO = INCLUDE_SOURCE;
				MTL_FAST_MATH = YES;
				ONLY_ACTIVE_ARCH = YES;
				SDKROOT = iphoneos;
				SWIFT_ACTIVE_COMPILATION_CONDITIONS = DEBUG;
				SWIFT_OPTIMIZATION_LEVEL = "-Onone";
			};
			name = Debug;
		};
		39C9E39226FE69BC008C1E1D /* Release */ = {
			isa = XCBuildConfiguration;
			buildSettings = {
				ALWAYS_SEARCH_USER_PATHS = NO;
				CLANG_ANALYZER_NONNULL = YES;
				CLANG_ANALYZER_NUMBER_OBJECT_CONVERSION = YES_AGGRESSIVE;
				CLANG_CXX_LANGUAGE_STANDARD = "gnu++14";
				CLANG_CXX_LIBRARY = "libc++";
				CLANG_ENABLE_MODULES = YES;
				CLANG_ENABLE_OBJC_ARC = YES;
				CLANG_ENABLE_OBJC_WEAK = YES;
				CLANG_WARN_BLOCK_CAPTURE_AUTORELEASING = YES;
				CLANG_WARN_BOOL_CONVERSION = YES;
				CLANG_WARN_COMMA = YES;
				CLANG_WARN_CONSTANT_CONVERSION = YES;
				CLANG_WARN_DEPRECATED_OBJC_IMPLEMENTATIONS = YES;
				CLANG_WARN_DIRECT_OBJC_ISA_USAGE = YES_ERROR;
				CLANG_WARN_DOCUMENTATION_COMMENTS = YES;
				CLANG_WARN_EMPTY_BODY = YES;
				CLANG_WARN_ENUM_CONVERSION = YES;
				CLANG_WARN_INFINITE_RECURSION = YES;
				CLANG_WARN_INT_CONVERSION = YES;
				CLANG_WARN_NON_LITERAL_NULL_CONVERSION = YES;
				CLANG_WARN_OBJC_IMPLICIT_RETAIN_SELF = YES;
				CLANG_WARN_OBJC_LITERAL_CONVERSION = YES;
				CLANG_WARN_OBJC_ROOT_CLASS = YES_ERROR;
				CLANG_WARN_QUOTED_INCLUDE_IN_FRAMEWORK_HEADER = YES;
				CLANG_WARN_RANGE_LOOP_ANALYSIS = YES;
				CLANG_WARN_STRICT_PROTOTYPES = YES;
				CLANG_WARN_SUSPICIOUS_MOVE = YES;
				CLANG_WARN_UNGUARDED_AVAILABILITY = YES_AGGRESSIVE;
				CLANG_WARN_UNREACHABLE_CODE = YES;
				CLANG_WARN__DUPLICATE_METHOD_MATCH = YES;
				COPY_PHASE_STRIP = NO;
				DEBUG_INFORMATION_FORMAT = "dwarf-with-dsym";
				ENABLE_NS_ASSERTIONS = NO;
				ENABLE_STRICT_OBJC_MSGSEND = YES;
				GCC_C_LANGUAGE_STANDARD = gnu11;
				GCC_NO_COMMON_BLOCKS = YES;
				GCC_WARN_64_TO_32_BIT_CONVERSION = YES;
				GCC_WARN_ABOUT_RETURN_TYPE = YES_ERROR;
				GCC_WARN_UNDECLARED_SELECTOR = YES;
				GCC_WARN_UNINITIALIZED_AUTOS = YES_AGGRESSIVE;
				GCC_WARN_UNUSED_FUNCTION = YES;
				GCC_WARN_UNUSED_VARIABLE = YES;
				IPHONEOS_DEPLOYMENT_TARGET = 14.4;
				MTL_ENABLE_DEBUG_INFO = NO;
				MTL_FAST_MATH = YES;
				SDKROOT = iphoneos;
				SWIFT_COMPILATION_MODE = wholemodule;
				SWIFT_OPTIMIZATION_LEVEL = "-O";
				VALIDATE_PRODUCT = YES;
			};
			name = Release;
		};
		39C9E39426FE69BC008C1E1D /* Debug */ = {
			isa = XCBuildConfiguration;
			buildSettings = {
				ASSETCATALOG_COMPILER_APPICON_NAME = AppIcon;
				ASSETCATALOG_COMPILER_GLOBAL_ACCENT_COLOR_NAME = AccentColor;
				CODE_SIGN_STYLE = Automatic;
				DEVELOPMENT_TEAM = BK337B4JVM;
				INFOPLIST_FILE = MovieDB/Info.plist;
				LD_RUNPATH_SEARCH_PATHS = (
					"$(inherited)",
					"@executable_path/Frameworks",
				);
				PRODUCT_BUNDLE_IDENTIFIER = com.munro.iOS.MovieDB;
				PRODUCT_NAME = "$(TARGET_NAME)";
				SWIFT_VERSION = 5.0;
				TARGETED_DEVICE_FAMILY = "1,2";
			};
			name = Debug;
		};
		39C9E39526FE69BC008C1E1D /* Release */ = {
			isa = XCBuildConfiguration;
			buildSettings = {
				ASSETCATALOG_COMPILER_APPICON_NAME = AppIcon;
				ASSETCATALOG_COMPILER_GLOBAL_ACCENT_COLOR_NAME = AccentColor;
				CODE_SIGN_STYLE = Automatic;
				DEVELOPMENT_TEAM = BK337B4JVM;
				INFOPLIST_FILE = MovieDB/Info.plist;
				LD_RUNPATH_SEARCH_PATHS = (
					"$(inherited)",
					"@executable_path/Frameworks",
				);
				PRODUCT_BUNDLE_IDENTIFIER = com.munro.iOS.MovieDB;
				PRODUCT_NAME = "$(TARGET_NAME)";
				SWIFT_VERSION = 5.0;
				TARGETED_DEVICE_FAMILY = "1,2";
			};
			name = Release;
		};
		39C9E39726FE69BC008C1E1D /* Debug */ = {
			isa = XCBuildConfiguration;
			buildSettings = {
				ALWAYS_EMBED_SWIFT_STANDARD_LIBRARIES = YES;
				BUNDLE_LOADER = "$(TEST_HOST)";
				CODE_SIGN_STYLE = Automatic;
				DEVELOPMENT_TEAM = BK337B4JVM;
				INFOPLIST_FILE = MovieDBTests/Info.plist;
				IPHONEOS_DEPLOYMENT_TARGET = 14.4;
				LD_RUNPATH_SEARCH_PATHS = (
					"$(inherited)",
					"@executable_path/Frameworks",
					"@loader_path/Frameworks",
				);
				PRODUCT_BUNDLE_IDENTIFIER = com.munro.iOS.MovieDBTests;
				PRODUCT_NAME = "$(TARGET_NAME)";
				SWIFT_VERSION = 5.0;
				TARGETED_DEVICE_FAMILY = "1,2";
				TEST_HOST = "$(BUILT_PRODUCTS_DIR)/MovieDB.app/MovieDB";
			};
			name = Debug;
		};
		39C9E39826FE69BC008C1E1D /* Release */ = {
			isa = XCBuildConfiguration;
			buildSettings = {
				ALWAYS_EMBED_SWIFT_STANDARD_LIBRARIES = YES;
				BUNDLE_LOADER = "$(TEST_HOST)";
				CODE_SIGN_STYLE = Automatic;
				DEVELOPMENT_TEAM = BK337B4JVM;
				INFOPLIST_FILE = MovieDBTests/Info.plist;
				IPHONEOS_DEPLOYMENT_TARGET = 14.4;
				LD_RUNPATH_SEARCH_PATHS = (
					"$(inherited)",
					"@executable_path/Frameworks",
					"@loader_path/Frameworks",
				);
				PRODUCT_BUNDLE_IDENTIFIER = com.munro.iOS.MovieDBTests;
				PRODUCT_NAME = "$(TARGET_NAME)";
				SWIFT_VERSION = 5.0;
				TARGETED_DEVICE_FAMILY = "1,2";
				TEST_HOST = "$(BUILT_PRODUCTS_DIR)/MovieDB.app/MovieDB";
			};
			name = Release;
		};
		39C9E39A26FE69BC008C1E1D /* Debug */ = {
			isa = XCBuildConfiguration;
			buildSettings = {
				ALWAYS_EMBED_SWIFT_STANDARD_LIBRARIES = YES;
				CODE_SIGN_STYLE = Automatic;
				DEVELOPMENT_TEAM = BK337B4JVM;
				INFOPLIST_FILE = MovieDBUITests/Info.plist;
				LD_RUNPATH_SEARCH_PATHS = (
					"$(inherited)",
					"@executable_path/Frameworks",
					"@loader_path/Frameworks",
				);
				PRODUCT_BUNDLE_IDENTIFIER = com.munro.iOS.MovieDBUITests;
				PRODUCT_NAME = "$(TARGET_NAME)";
				SWIFT_VERSION = 5.0;
				TARGETED_DEVICE_FAMILY = "1,2";
				TEST_TARGET_NAME = MovieDB;
			};
			name = Debug;
		};
		39C9E39B26FE69BC008C1E1D /* Release */ = {
			isa = XCBuildConfiguration;
			buildSettings = {
				ALWAYS_EMBED_SWIFT_STANDARD_LIBRARIES = YES;
				CODE_SIGN_STYLE = Automatic;
				DEVELOPMENT_TEAM = BK337B4JVM;
				INFOPLIST_FILE = MovieDBUITests/Info.plist;
				LD_RUNPATH_SEARCH_PATHS = (
					"$(inherited)",
					"@executable_path/Frameworks",
					"@loader_path/Frameworks",
				);
				PRODUCT_BUNDLE_IDENTIFIER = com.munro.iOS.MovieDBUITests;
				PRODUCT_NAME = "$(TARGET_NAME)";
				SWIFT_VERSION = 5.0;
				TARGETED_DEVICE_FAMILY = "1,2";
				TEST_TARGET_NAME = MovieDB;
			};
			name = Release;
		};
/* End XCBuildConfiguration section */

/* Begin XCConfigurationList section */
		39C9E36426FE69B4008C1E1D /* Build configuration list for PBXProject "MovieDB" */ = {
			isa = XCConfigurationList;
			buildConfigurations = (
				39C9E39126FE69BC008C1E1D /* Debug */,
				39C9E39226FE69BC008C1E1D /* Release */,
			);
			defaultConfigurationIsVisible = 0;
			defaultConfigurationName = Release;
		};
		39C9E39326FE69BC008C1E1D /* Build configuration list for PBXNativeTarget "MovieDB" */ = {
			isa = XCConfigurationList;
			buildConfigurations = (
				39C9E39426FE69BC008C1E1D /* Debug */,
				39C9E39526FE69BC008C1E1D /* Release */,
			);
			defaultConfigurationIsVisible = 0;
			defaultConfigurationName = Release;
		};
		39C9E39626FE69BC008C1E1D /* Build configuration list for PBXNativeTarget "MovieDBTests" */ = {
			isa = XCConfigurationList;
			buildConfigurations = (
				39C9E39726FE69BC008C1E1D /* Debug */,
				39C9E39826FE69BC008C1E1D /* Release */,
			);
			defaultConfigurationIsVisible = 0;
			defaultConfigurationName = Release;
		};
		39C9E39926FE69BC008C1E1D /* Build configuration list for PBXNativeTarget "MovieDBUITests" */ = {
			isa = XCConfigurationList;
			buildConfigurations = (
				39C9E39A26FE69BC008C1E1D /* Debug */,
				39C9E39B26FE69BC008C1E1D /* Release */,
			);
			defaultConfigurationIsVisible = 0;
			defaultConfigurationName = Release;
		};
/* End XCConfigurationList section */
	};
	rootObject = 39C9E36126FE69B4008C1E1D /* Project object */;
}
